
Microsoft Visual Studio Solution File, Format Version 12.00
# Visual Studio Version 16
VisualStudioVersion = 16.0.31402.337
MinimumVisualStudioVersion = 10.0.40219.1
Project("{FAE04EC0-301F-11D3-BF4B-00C04F79EFBC}") = "WindowsFormsApp1", "WindowsFormsApp1.csproj", "{FF475D8F-D4C7-4A70-80E3-CB19BB6B1BC4}"
EndProject
Global
	GlobalSection(SolutionConfigurationPlatforms) = preSolution
		Debug|Any CPU = Debug|Any CPU
		Release|Any CPU = Release|Any CPU
	EndGlobalSection
	GlobalSection(ProjectConfigurationPlatforms) = postSolution
		{FF475D8F-D4C7-4A70-80E3-CB19BB6B1BC4}.Debug|Any CPU.ActiveCfg = Debug|Any CPU
		{FF475D8F-D4C7-4A70-80E3-CB19BB6B1BC4}.Debug|Any CPU.Build.0 = Debug|Any CPU
		{FF475D8F-D4C7-4A70-80E3-CB19BB6B1BC4}.Release|Any CPU.ActiveCfg = Release|Any CPU
		{FF475D8F-D4C7-4A70-80E3-CB19BB6B1BC4}.Release|Any CPU.Build.0 = Release|Any CPU
	EndGlobalSection
	GlobalSection(SolutionProperties) = preSolution
		HideSolutionNode = FALSE
	EndGlobalSection
	GlobalSection(ExtensibilityGlobals) = postSolution
		SolutionGuid = {255E3E5E-8B88-419E-BB14-1FA6EF95C3B7}
	EndGlobalSection
EndGlobal
